
Microsoft Visual Studio Solution File, Format Version 12.00
# Visual Studio 15
Project("{FAE04EC0-301F-11D3-BF4B-00C04F79EFBC}") = "Assembly-CSharp", "Assembly-CSharp.csproj", "{DB43A037-E401-5304-EB23-0EC0B13328AA}"
EndProject
Global
	GlobalSection(SolutionConfigurationPlatforms) = preSolution
		Debug|Any CPU = Debug|Any CPU
		Release|Any CPU = Release|Any CPU
	EndGlobalSection
	GlobalSection(ProjectConfigurationPlatforms) = postSolution
		{DB43A037-E401-5304-EB23-0EC0B13328AA}.Debug|Any CPU.ActiveCfg = Debug|Any CPU
		{DB43A037-E401-5304-EB23-0EC0B13328AA}.Debug|Any CPU.Build.0 = Debug|Any CPU
		{DB43A037-E401-5304-EB23-0EC0B13328AA}.Release|Any CPU.ActiveCfg = Release|Any CPU
		{DB43A037-E401-5304-EB23-0EC0B13328AA}.Release|Any CPU.Build.0 = Release|Any CPU
	EndGlobalSection
	GlobalSection(SolutionProperties) = preSolution
		HideSolutionNode = FALSE
	EndGlobalSection
EndGlobal
